dependencies:
  espressif/usb:
    component_hash: 1d90d7c7b0682dbfcc36f47cf5acf224a5cfb850a62f39cd86d3159cfec12a81
    dependencies:
    - name: idf
      require: private
      version: '>=5.4'
    source:
      registry_url: https://components.espressif.com/
      type: service
    targets:
    - esp32s2
    - esp32s3
    - esp32s31
    - esp32p4
    - esp32h4
    - linux
    version: 1.4.1
  idf:
    source:
      type: idf
    version: 6.0.1
direct_dependencies:
- espressif/usb
- idf
manifest_hash: cfdc72e110993ca4f05788a87354d3e313973cbe5fae75c46b978879c6596162
target: esp32p4
version: 3.0.0
